
Microsoft Visual Studio Solution File, Format Version 12.00
# Visual Studio Version 16
VisualStudioVersion = 16.0.31205.134
MinimumVisualStudioVersion = 10.0.40219.1
Project("{FAE04EC0-301F-11D3-BF4B-00C04F79EFBC}") = "ZadanieKwalifikacyjne", "ZadanieKwalifikacyjne.csproj", "{7B76A984-54C3-45CD-AFC5-B1AA057F8BC2}"
EndProject
Global
	GlobalSection(SolutionConfigurationPlatforms) = preSolution
		Debug|Any CPU = Debug|Any CPU
		Release|Any CPU = Release|Any CPU
	EndGlobalSection
	GlobalSection(ProjectConfigurationPlatforms) = postSolution
		{7B76A984-54C3-45CD-AFC5-B1AA057F8BC2}.Debug|Any CPU.ActiveCfg = Debug|Any CPU
		{7B76A984-54C3-45CD-AFC5-B1AA057F8BC2}.Debug|Any CPU.Build.0 = Debug|Any CPU
		{7B76A984-54C3-45CD-AFC5-B1AA057F8BC2}.Release|Any CPU.ActiveCfg = Release|Any CPU
		{7B76A984-54C3-45CD-AFC5-B1AA057F8BC2}.Release|Any CPU.Build.0 = Release|Any CPU
	EndGlobalSection
	GlobalSection(SolutionProperties) = preSolution
		HideSolutionNode = FALSE
	EndGlobalSection
	GlobalSection(ExtensibilityGlobals) = postSolution
		SolutionGuid = {55116E00-F868-462E-B3FB-438911A7D1EB}
	EndGlobalSection
EndGlobal
